
Microsoft Visual Studio Solution File, Format Version 12.00
# Visual Studio Version 16
VisualStudioVersion = 16.0.33328.57
MinimumVisualStudioVersion = 10.0.40219.1
Project("{FAE04EC0-301F-11D3-BF4B-00C04F79EFBC}") = "back_mascota", "back_mascota.csproj", "{374DA405-078D-42AA-A8CC-93DBA6298185}"
EndProject
Global
	GlobalSection(SolutionConfigurationPlatforms) = preSolution
		Debug|Any CPU = Debug|Any CPU
		Release|Any CPU = Release|Any CPU
	EndGlobalSection
	GlobalSection(ProjectConfigurationPlatforms) = postSolution
		{374DA405-078D-42AA-A8CC-93DBA6298185}.Debug|Any CPU.ActiveCfg = Debug|Any CPU
		{374DA405-078D-42AA-A8CC-93DBA6298185}.Debug|Any CPU.Build.0 = Debug|Any CPU
		{374DA405-078D-42AA-A8CC-93DBA6298185}.Release|Any CPU.ActiveCfg = Release|Any CPU
		{374DA405-078D-42AA-A8CC-93DBA6298185}.Release|Any CPU.Build.0 = Release|Any CPU
	EndGlobalSection
	GlobalSection(SolutionProperties) = preSolution
		HideSolutionNode = FALSE
	EndGlobalSection
	GlobalSection(ExtensibilityGlobals) = postSolution
		SolutionGuid = {DD743630-1B8C-4598-B6C6-04235D133ADE}
	EndGlobalSection
EndGlobal
